
Microsoft Visual Studio Solution File, Format Version 12.00
# Visual Studio Version 16
VisualStudioVersion = 16.0.31829.152
MinimumVisualStudioVersion = 10.0.40219.1
Project("{FAE04EC0-301F-11D3-BF4B-00C04F79EFBC}") = "10_WPF", "10_WPF\10_WPF.csproj", "{AACFFF18-7596-4337-893C-1051E2378AA2}"
EndProject
Global
	GlobalSection(SolutionConfigurationPlatforms) = preSolution
		Debug|Any CPU = Debug|Any CPU
		Release|Any CPU = Release|Any CPU
	EndGlobalSection
	GlobalSection(ProjectConfigurationPlatforms) = postSolution
		{AACFFF18-7596-4337-893C-1051E2378AA2}.Debug|Any CPU.ActiveCfg = Debug|Any CPU
		{AACFFF18-7596-4337-893C-1051E2378AA2}.Debug|Any CPU.Build.0 = Debug|Any CPU
		{AACFFF18-7596-4337-893C-1051E2378AA2}.Release|Any CPU.ActiveCfg = Release|Any CPU
		{AACFFF18-7596-4337-893C-1051E2378AA2}.Release|Any CPU.Build.0 = Release|Any CPU
	EndGlobalSection
	GlobalSection(SolutionProperties) = preSolution
		HideSolutionNode = FALSE
	EndGlobalSection
	GlobalSection(ExtensibilityGlobals) = postSolution
		SolutionGuid = {026D074A-05DB-45F4-AABE-29C0396DE7C4}
	EndGlobalSection
EndGlobal
